<Solution>
  <Folder Name="/src/">
    <Project Path="src/SpaceSails.Client/SpaceSails.Client.csproj" />
    <Project Path="src/SpaceSails.Contracts/SpaceSails.Contracts.csproj" />
    <Project Path="src/SpaceSails.Core/SpaceSails.Core.csproj" />
  </Folder>
  <Folder Name="/tests/">
    <Project Path="tests/SpaceSails.Core.Tests/SpaceSails.Core.Tests.csproj" />
  </Folder>
</Solution>
